
Microsoft Visual Studio Solution File, Format Version 12.00
# Visual Studio Version 17
VisualStudioVersion = 17.2.32505.173
MinimumVisualStudioVersion = 10.0.40219.1
Project("{FAE04EC0-301F-11D3-BF4B-00C04F79EFBC}") = "AplicacionWeb", "AplicacionWeb\AplicacionWeb.csproj", "{3B9A9732-C1B5-465F-A619-F54B2CE74438}"
EndProject
Global
	GlobalSection(SolutionConfigurationPlatforms) = preSolution
		Debug|Any CPU = Debug|Any CPU
		Release|Any CPU = Release|Any CPU
	EndGlobalSection
	GlobalSection(ProjectConfigurationPlatforms) = postSolution
		{3B9A9732-C1B5-465F-A619-F54B2CE74438}.Debug|Any CPU.ActiveCfg = Debug|Any CPU
		{3B9A9732-C1B5-465F-A619-F54B2CE74438}.Debug|Any CPU.Build.0 = Debug|Any CPU
		{3B9A9732-C1B5-465F-A619-F54B2CE74438}.Release|Any CPU.ActiveCfg = Release|Any CPU
		{3B9A9732-C1B5-465F-A619-F54B2CE74438}.Release|Any CPU.Build.0 = Release|Any CPU
	EndGlobalSection
	GlobalSection(SolutionProperties) = preSolution
		HideSolutionNode = FALSE
	EndGlobalSection
	GlobalSection(ExtensibilityGlobals) = postSolution
		SolutionGuid = {AC707DDC-8EE5-442F-BCA7-A10E24F50E14}
	EndGlobalSection
EndGlobal
